
Microsoft Visual Studio Solution File, Format Version 12.00
# Visual Studio Version 17
VisualStudioVersion = 17.6.33815.320
MinimumVisualStudioVersion = 10.0.40219.1
Project("{9A19103F-16F7-4668-BE54-9A1E7A4F7556}") = "APIs", "APIs\APIs.csproj", "{AE9B6BD7-D7D5-4591-BE33-B161E3CCC569}"
EndProject
Project("{9A19103F-16F7-4668-BE54-9A1E7A4F7556}") = "Cinema_system", "Cinema_system\Cinema_system.csproj", "{7124C9D2-AD24-4CEC-8B1C-869A9E966BB9}"
EndProject
Global
	GlobalSection(SolutionConfigurationPlatforms) = preSolution
		Debug|Any CPU = Debug|Any CPU
		Release|Any CPU = Release|Any CPU
	EndGlobalSection
	GlobalSection(ProjectConfigurationPlatforms) = postSolution
		{AE9B6BD7-D7D5-4591-BE33-B161E3CCC569}.Debug|Any CPU.ActiveCfg = Debug|Any CPU
		{AE9B6BD7-D7D5-4591-BE33-B161E3CCC569}.Debug|Any CPU.Build.0 = Debug|Any CPU
		{AE9B6BD7-D7D5-4591-BE33-B161E3CCC569}.Release|Any CPU.ActiveCfg = Release|Any CPU
		{AE9B6BD7-D7D5-4591-BE33-B161E3CCC569}.Release|Any CPU.Build.0 = Release|Any CPU
		{7124C9D2-AD24-4CEC-8B1C-869A9E966BB9}.Debug|Any CPU.ActiveCfg = Debug|Any CPU
		{7124C9D2-AD24-4CEC-8B1C-869A9E966BB9}.Debug|Any CPU.Build.0 = Debug|Any CPU
		{7124C9D2-AD24-4CEC-8B1C-869A9E966BB9}.Release|Any CPU.ActiveCfg = Release|Any CPU
		{7124C9D2-AD24-4CEC-8B1C-869A9E966BB9}.Release|Any CPU.Build.0 = Release|Any CPU
	EndGlobalSection
	GlobalSection(SolutionProperties) = preSolution
		HideSolutionNode = FALSE
	EndGlobalSection
	GlobalSection(ExtensibilityGlobals) = postSolution
		SolutionGuid = {51E5B43E-316B-4364-8489-F0FE36BDC585}
	EndGlobalSection
EndGlobal
